
Microsoft Visual Studio Solution File, Format Version 12.00
# Visual Studio Version 17
VisualStudioVersion = 17.8.34525.116
MinimumVisualStudioVersion = 10.0.40219.1
Project("{FAE04EC0-301F-11D3-BF4B-00C04F79EFBC}") = "ödev1 çalışan", "ödev1 çalışan.csproj", "{EDE55AC0-F729-4DE6-9D79-0E4FC3260A3D}"
EndProject
Global
	GlobalSection(SolutionConfigurationPlatforms) = preSolution
		Debug|Any CPU = Debug|Any CPU
		Release|Any CPU = Release|Any CPU
	EndGlobalSection
	GlobalSection(ProjectConfigurationPlatforms) = postSolution
		{EDE55AC0-F729-4DE6-9D79-0E4FC3260A3D}.Debug|Any CPU.ActiveCfg = Debug|Any CPU
		{EDE55AC0-F729-4DE6-9D79-0E4FC3260A3D}.Debug|Any CPU.Build.0 = Debug|Any CPU
		{EDE55AC0-F729-4DE6-9D79-0E4FC3260A3D}.Release|Any CPU.ActiveCfg = Release|Any CPU
		{EDE55AC0-F729-4DE6-9D79-0E4FC3260A3D}.Release|Any CPU.Build.0 = Release|Any CPU
	EndGlobalSection
	GlobalSection(SolutionProperties) = preSolution
		HideSolutionNode = FALSE
	EndGlobalSection
	GlobalSection(ExtensibilityGlobals) = postSolution
		SolutionGuid = {F7DB6BA2-49D9-4636-8406-C0DFFBCFFA47}
	EndGlobalSection
EndGlobal
